
Microsoft Visual Studio Solution File, Format Version 12.00
# Visual Studio Version 16
VisualStudioVersion = 16.0.29920.165
MinimumVisualStudioVersion = 10.0.40219.1
Project("{8BC9CEB8-8B4A-11D0-8D11-00A0C91BC942}") = "算法设计", "算法设计.vcxproj", "{9CD1D178-B97A-410A-9920-E1BEFAF22E20}"
EndProject
Global
	GlobalSection(SolutionConfigurationPlatforms) = preSolution
		Debug|x64 = Debug|x64
		Debug|x86 = Debug|x86
		Release|x64 = Release|x64
		Release|x86 = Release|x86
	EndGlobalSection
	GlobalSection(ProjectConfigurationPlatforms) = postSolution
		{9CD1D178-B97A-410A-9920-E1BEFAF22E20}.Debug|x64.ActiveCfg = Debug|x64
		{9CD1D178-B97A-410A-9920-E1BEFAF22E20}.Debug|x64.Build.0 = Debug|x64
		{9CD1D178-B97A-410A-9920-E1BEFAF22E20}.Debug|x86.ActiveCfg = Debug|Win32
		{9CD1D178-B97A-410A-9920-E1BEFAF22E20}.Debug|x86.Build.0 = Debug|Win32
		{9CD1D178-B97A-410A-9920-E1BEFAF22E20}.Release|x64.ActiveCfg = Release|x64
		{9CD1D178-B97A-410A-9920-E1BEFAF22E20}.Release|x64.Build.0 = Release|x64
		{9CD1D178-B97A-410A-9920-E1BEFAF22E20}.Release|x86.ActiveCfg = Release|Win32
		{9CD1D178-B97A-410A-9920-E1BEFAF22E20}.Release|x86.Build.0 = Release|Win32
	EndGlobalSection
	GlobalSection(SolutionProperties) = preSolution
		HideSolutionNode = FALSE
	EndGlobalSection
	GlobalSection(ExtensibilityGlobals) = postSolution
		SolutionGuid = {A81CE028-844D-4EC7-8091-002FE0A417BB}
	EndGlobalSection
EndGlobal
